
Microsoft Visual Studio Solution File, Format Version 12.00
# Visual Studio 14
VisualStudioVersion = 14.0.25420.1
MinimumVisualStudioVersion = 10.0.40219.1
Project("{8BC9CEB8-8B4A-11D0-8D11-00A0C91BC942}") = "Lighting4", "Lighting4\Lighting4.vcxproj", "{D48A9114-AF56-4604-A9F0-783342085047}"
EndProject
Project("{8BC9CEB8-8B4A-11D0-8D11-00A0C91BC942}") = "LightingExample", "LightingExample\LightingExample.vcxproj", "{B7628A2E-61CA-4E17-818E-CF7C68BD8FF0}"
EndProject
Global
	GlobalSection(SolutionConfigurationPlatforms) = preSolution
		Debug|x64 = Debug|x64
		Debug|x86 = Debug|x86
		Release|x64 = Release|x64
		Release|x86 = Release|x86
	EndGlobalSection
	GlobalSection(ProjectConfigurationPlatforms) = postSolution
		{D48A9114-AF56-4604-A9F0-783342085047}.Debug|x64.ActiveCfg = Debug|x64
		{D48A9114-AF56-4604-A9F0-783342085047}.Debug|x64.Build.0 = Debug|x64
		{D48A9114-AF56-4604-A9F0-783342085047}.Debug|x86.ActiveCfg = Debug|Win32
		{D48A9114-AF56-4604-A9F0-783342085047}.Debug|x86.Build.0 = Debug|Win32
		{D48A9114-AF56-4604-A9F0-783342085047}.Release|x64.ActiveCfg = Release|x64
		{D48A9114-AF56-4604-A9F0-783342085047}.Release|x64.Build.0 = Release|x64
		{D48A9114-AF56-4604-A9F0-783342085047}.Release|x86.ActiveCfg = Release|Win32
		{D48A9114-AF56-4604-A9F0-783342085047}.Release|x86.Build.0 = Release|Win32
		{B7628A2E-61CA-4E17-818E-CF7C68BD8FF0}.Debug|x64.ActiveCfg = Debug|x64
		{B7628A2E-61CA-4E17-818E-CF7C68BD8FF0}.Debug|x64.Build.0 = Debug|x64
		{B7628A2E-61CA-4E17-818E-CF7C68BD8FF0}.Debug|x86.ActiveCfg = Debug|Win32
		{B7628A2E-61CA-4E17-818E-CF7C68BD8FF0}.Debug|x86.Build.0 = Debug|Win32
		{B7628A2E-61CA-4E17-818E-CF7C68BD8FF0}.Release|x64.ActiveCfg = Release|x64
		{B7628A2E-61CA-4E17-818E-CF7C68BD8FF0}.Release|x64.Build.0 = Release|x64
		{B7628A2E-61CA-4E17-818E-CF7C68BD8FF0}.Release|x86.ActiveCfg = Release|Win32
		{B7628A2E-61CA-4E17-818E-CF7C68BD8FF0}.Release|x86.Build.0 = Release|Win32
	EndGlobalSection
	GlobalSection(SolutionProperties) = preSolution
		HideSolutionNode = FALSE
	EndGlobalSection
EndGlobal
